
Microsoft Visual Studio Solution File, Format Version 12.00
# Visual Studio 15
VisualStudioVersion = 15.0.28010.2041
MinimumVisualStudioVersion = 10.0.40219.1
Project("{8BC9CEB8-8B4A-11D0-8D11-00A0C91BC942}") = "Test", "Test.vcxproj", "{1462EAD2-D8E2-4B35-8DAB-123371E91A67}"
EndProject
Global
	GlobalSection(SolutionConfigurationPlatforms) = preSolution
		Debug|x64 = Debug|x64
		Debug|x86 = Debug|x86
		Release|x64 = Release|x64
		Release|x86 = Release|x86
	EndGlobalSection
	GlobalSection(ProjectConfigurationPlatforms) = postSolution
		{1462EAD2-D8E2-4B35-8DAB-123371E91A67}.Debug|x64.ActiveCfg = Debug|x64
		{1462EAD2-D8E2-4B35-8DAB-123371E91A67}.Debug|x64.Build.0 = Debug|x64
		{1462EAD2-D8E2-4B35-8DAB-123371E91A67}.Debug|x86.ActiveCfg = Debug|Win32
		{1462EAD2-D8E2-4B35-8DAB-123371E91A67}.Debug|x86.Build.0 = Debug|Win32
		{1462EAD2-D8E2-4B35-8DAB-123371E91A67}.Release|x64.ActiveCfg = Release|x64
		{1462EAD2-D8E2-4B35-8DAB-123371E91A67}.Release|x64.Build.0 = Release|x64
		{1462EAD2-D8E2-4B35-8DAB-123371E91A67}.Release|x86.ActiveCfg = Release|Win32
		{1462EAD2-D8E2-4B35-8DAB-123371E91A67}.Release|x86.Build.0 = Release|Win32
	EndGlobalSection
	GlobalSection(SolutionProperties) = preSolution
		HideSolutionNode = FALSE
	EndGlobalSection
	GlobalSection(ExtensibilityGlobals) = postSolution
		SolutionGuid = {5495A4B7-8FED-421D-B9A2-7B461C66EAC7}
	EndGlobalSection
EndGlobal
